
Microsoft Visual Studio Solution File, Format Version 12.00
# Visual Studio 15
VisualStudioVersion = 15.0.26124.0
MinimumVisualStudioVersion = 15.0.26124.0
Project("{2150E333-8FDC-42A3-9474-1A3956D46DE8}") = "src", "src", "{315601B3-4A16-44F2-AA56-5A1065B94C0E}"
EndProject
Project("{F2A71F9B-5D33-465A-A702-920D77279786}") = "ConcurrentML", "src\ConcurrentML\ConcurrentML.fsproj", "{882579E7-D108-446B-9B74-0DB51C03081F}"
EndProject
Project("{F2A71F9B-5D33-465A-A702-920D77279786}") = "ConcurrentML.Core", "src\ConcurrentML.Core\ConcurrentML.Core.fsproj", "{07DAF0C2-6891-45EF-9DD0-AAAFD3CE5E50}"
EndProject
Global
	GlobalSection(SolutionConfigurationPlatforms) = preSolution
		Debug|Any CPU = Debug|Any CPU
		Debug|x64 = Debug|x64
		Debug|x86 = Debug|x86
		Release|Any CPU = Release|Any CPU
		Release|x64 = Release|x64
		Release|x86 = Release|x86
	EndGlobalSection
	GlobalSection(SolutionProperties) = preSolution
		HideSolutionNode = FALSE
	EndGlobalSection
	GlobalSection(ProjectConfigurationPlatforms) = postSolution
		{882579E7-D108-446B-9B74-0DB51C03081F}.Debug|Any CPU.ActiveCfg = Debug|Any CPU
		{882579E7-D108-446B-9B74-0DB51C03081F}.Debug|Any CPU.Build.0 = Debug|Any CPU
		{882579E7-D108-446B-9B74-0DB51C03081F}.Debug|x64.ActiveCfg = Debug|x64
		{882579E7-D108-446B-9B74-0DB51C03081F}.Debug|x64.Build.0 = Debug|x64
		{882579E7-D108-446B-9B74-0DB51C03081F}.Debug|x86.ActiveCfg = Debug|x86
		{882579E7-D108-446B-9B74-0DB51C03081F}.Debug|x86.Build.0 = Debug|x86
		{882579E7-D108-446B-9B74-0DB51C03081F}.Release|Any CPU.ActiveCfg = Release|Any CPU
		{882579E7-D108-446B-9B74-0DB51C03081F}.Release|Any CPU.Build.0 = Release|Any CPU
		{882579E7-D108-446B-9B74-0DB51C03081F}.Release|x64.ActiveCfg = Release|x64
		{882579E7-D108-446B-9B74-0DB51C03081F}.Release|x64.Build.0 = Release|x64
		{882579E7-D108-446B-9B74-0DB51C03081F}.Release|x86.ActiveCfg = Release|x86
		{882579E7-D108-446B-9B74-0DB51C03081F}.Release|x86.Build.0 = Release|x86
		{07DAF0C2-6891-45EF-9DD0-AAAFD3CE5E50}.Debug|Any CPU.ActiveCfg = Debug|Any CPU
		{07DAF0C2-6891-45EF-9DD0-AAAFD3CE5E50}.Debug|Any CPU.Build.0 = Debug|Any CPU
		{07DAF0C2-6891-45EF-9DD0-AAAFD3CE5E50}.Debug|x64.ActiveCfg = Debug|x64
		{07DAF0C2-6891-45EF-9DD0-AAAFD3CE5E50}.Debug|x64.Build.0 = Debug|x64
		{07DAF0C2-6891-45EF-9DD0-AAAFD3CE5E50}.Debug|x86.ActiveCfg = Debug|x86
		{07DAF0C2-6891-45EF-9DD0-AAAFD3CE5E50}.Debug|x86.Build.0 = Debug|x86
		{07DAF0C2-6891-45EF-9DD0-AAAFD3CE5E50}.Release|Any CPU.ActiveCfg = Release|Any CPU
		{07DAF0C2-6891-45EF-9DD0-AAAFD3CE5E50}.Release|Any CPU.Build.0 = Release|Any CPU
		{07DAF0C2-6891-45EF-9DD0-AAAFD3CE5E50}.Release|x64.ActiveCfg = Release|x64
		{07DAF0C2-6891-45EF-9DD0-AAAFD3CE5E50}.Release|x64.Build.0 = Release|x64
		{07DAF0C2-6891-45EF-9DD0-AAAFD3CE5E50}.Release|x86.ActiveCfg = Release|x86
		{07DAF0C2-6891-45EF-9DD0-AAAFD3CE5E50}.Release|x86.Build.0 = Release|x86
	EndGlobalSection
	GlobalSection(NestedProjects) = preSolution
		{882579E7-D108-446B-9B74-0DB51C03081F} = {315601B3-4A16-44F2-AA56-5A1065B94C0E}
		{07DAF0C2-6891-45EF-9DD0-AAAFD3CE5E50} = {315601B3-4A16-44F2-AA56-5A1065B94C0E}
	EndGlobalSection
EndGlobal
